# THIS IS AN AUTOGENERATED FILE. DO NOT EDIT THIS FILE DIRECTLY.
# yarn lockfile v1


"30-seconds-of-code@^1.1.0":
  version "1.1.0"
  resolved "https://registry.yarnpkg.com/30-seconds-of-code/-/30-seconds-of-code-1.1.0.tgz#cbfa20805434bd39dc629b98fa16491b7d0b2e7c"
  integrity sha512-Fa2p2U3sE7qGSxk5qt5cSjEskd6w76rKHQGYeGoH0RE5tCcq8WBJDdFcqtsYifNACNDnDPi8SG5xLGyCkIObkQ==
